// !$*UTF8*$!
{
	archiveVersion = 1;
	classes = {
	};
	objectVersion = 46;
	objects = {

/* Begin PBXBuildFile section */
		6A8611361B82CD28008EAD71 /* PhotoAnnotation.swift in Sources */ = {isa = PBXBuildFile; fileRef = 6A8611351B82CD28008EAD71 /* PhotoAnnotation.swift */; };
		6A8611381B82CF6E008EAD71 /* PhotoAnnotationView.swift in Sources */ = {isa = PBXBuildFile; fileRef = 6A8611371B82CF6E008EAD71 /* PhotoAnnotationView.swift */; };
		6A86113A1B82E88A008EAD71 /* AssetViewController.swift in Sources */ = {isa = PBXBuildFile; fileRef = 6A8611391B82E88A008EAD71 /* AssetViewController.swift */; };
		6A86113C1B82E8B9008EAD71 /* ImageCell.swift in Sources */ = {isa = PBXBuildFile; fileRef = 6A86113B1B82E8B9008EAD71 /* ImageCell.swift */; };
		6A8A101D1B82C078000A6CCC /* AppDelegate.swift in Sources */ = {isa = PBXBuildFile; fileRef = 6A8A101C1B82C078000A6CCC /* AppDelegate.swift */; };
		6A8A101F1B82C078000A6CCC /* ViewController.swift in Sources */ = {isa = PBXBuildFile; fileRef = 6A8A101E1B82C078000A6CCC /* ViewController.swift */; };
		6A8A10221B82C078000A6CCC /* Main.storyboard in Resources */ = {isa = PBXBuildFile; fileRef = 6A8A10201B82C078000A6CCC /* Main.storyboard */; };
		6A8A10241B82C078000A6CCC /* Images.xcassets in Resources */ = {isa = PBXBuildFile; fileRef = 6A8A10231B82C078000A6CCC /* Images.xcassets */; };
		6A8A10271B82C078000A6CCC /* LaunchScreen.xib in Resources */ = {isa = PBXBuildFile; fileRef = 6A8A10251B82C078000A6CCC /* LaunchScreen.xib */; };
		6A8A10331B82C078000A6CCC /* PhotoMapTests.swift in Sources */ = {isa = PBXBuildFile; fileRef = 6A8A10321B82C078000A6CCC /* PhotoMapTests.swift */; };
		6A8A103D1B82C1AB000A6CCC /* MapKit.framework in Frameworks */ = {isa = PBXBuildFile; fileRef = 6A8A103C1B82C1AB000A6CCC /* MapKit.framework */; };
/* End PBXBuildFile section */

/* Begin PBXContainerItemProxy section */
		6A8A102D1B82C078000A6CCC /* PBXContainerItemProxy */ = {
			isa = PBXContainerItemProxy;
			containerPortal = 6A8A100F1B82C078000A6CCC /* Project object */;
			proxyType = 1;
			remoteGlobalIDString = 6A8A10161B82C078000A6CCC;
			remoteInfo = PhotoMap;
		};
/* End PBXContainerItemProxy section */

/* Begin PBXFileReference section */
		6A8611351B82CD28008EAD71 /* PhotoAnnotation.swift */ = {isa = PBXFileReference; fileEncoding = 4; lastKnownFileType = sourcecode.swift; path = PhotoAnnotation.swift; sourceTree = "<group>"; };
		6A8611371B82CF6E008EAD71 /* PhotoAnnotationView.swift */ = {isa = PBXFileReference; fileEncoding = 4; lastKnownFileType = sourcecode.swift; path = PhotoAnnotationView.swift; sourceTree = "<group>"; };
		6A8611391B82E88A008EAD71 /* AssetViewController.swift */ = {isa = PBXFileReference; fileEncoding = 4; lastKnownFileType = sourcecode.swift; path = AssetViewController.swift; sourceTree = "<group>"; };
		6A86113B1B82E8B9008EAD71 /* ImageCell.swift */ = {isa = PBXFileReference; fileEncoding = 4; lastKnownFileType = sourcecode.swift; path = ImageCell.swift; sourceTree = "<group>"; };
		6A8A10171B82C078000A6CCC /* PhotoMap.app */ = {isa = PBXFileReference; explicitFileType = wrapper.application; includeInIndex = 0; path = PhotoMap.app; sourceTree = BUILT_PRODUCTS_DIR; };
		6A8A101B1B82C078000A6CCC /* Info.plist */ = {isa = PBXFileReference; lastKnownFileType = text.plist.xml; path = Info.plist; sourceTree = "<group>"; };
		6A8A101C1B82C078000A6CCC /* AppDelegate.swift */ = {isa = PBXFileReference; lastKnownFileType = sourcecode.swift; path = AppDelegate.swift; sourceTree = "<group>"; };
		6A8A101E1B82C078000A6CCC /* ViewController.swift */ = {isa = PBXFileReference; lastKnownFileType = sourcecode.swift; path = ViewController.swift; sourceTree = "<group>"; };
		6A8A10211B82C078000A6CCC /* Base */ = {isa = PBXFileReference; lastKnownFileType = file.storyboard; name = Base; path = Base.lproj/Main.storyboard; sourceTree = "<group>"; };
		6A8A10231B82C078000A6CCC /* Images.xcassets */ = {isa = PBXFileReference; lastKnownFileType = folder.assetcatalog; path = Images.xcassets; sourceTree = "<group>"; };
		6A8A10261B82C078000A6CCC /* Base */ = {isa = PBXFileReference; lastKnownFileType = file.xib; name = Base; path = Base.lproj/LaunchScreen.xib; sourceTree = "<group>"; };
		6A8A102C1B82C078000A6CCC /* PhotoMapTests.xctest */ = {isa = PBXFileReference; explicitFileType = wrapper.cfbundle; includeInIndex = 0; path = PhotoMapTests.xctest; sourceTree = BUILT_PRODUCTS_DIR; };
		6A8A10311B82C078000A6CCC /* Info.plist */ = {isa = PBXFileReference; lastKnownFileType = text.plist.xml; path = Info.plist; sourceTree = "<group>"; };
		6A8A10321B82C078000A6CCC /* PhotoMapTests.swift */ = {isa = PBXFileReference; lastKnownFileType = sourcecode.swift; path = PhotoMapTests.swift; sourceTree = "<group>"; };
		6A8A103C1B82C1AB000A6CCC /* MapKit.framework */ = {isa = PBXFileReference; lastKnownFileType = wrapper.framework; name = MapKit.framework; path = System/Library/Frameworks/MapKit.framework; sourceTree = SDKROOT; };
/* End PBXFileReference section */

/* Begin PBXFrameworksBuildPhase section */
		6A8A10141B82C078000A6CCC /* Frameworks */ = {
			isa = PBXFrameworksBuildPhase;
			buildActionMask = 2147483647;
			files = (
				6A8A103D1B82C1AB000A6CCC /* MapKit.framework in Frameworks */,
			);
			runOnlyForDeploymentPostprocessing = 0;
		};
		6A8A10291B82C078000A6CCC /* Frameworks */ = {
			isa = PBXFrameworksBuildPhase;
			buildActionMask = 2147483647;
			files = (
			);
			runOnlyForDeploymentPostprocessing = 0;
		};
/* End PBXFrameworksBuildPhase section */

/* Begin PBXGroup section */
		6A8A100E1B82C078000A6CCC = {
			isa = PBXGroup;
			children = (
				6A8A103C1B82C1AB000A6CCC /* MapKit.framework */,
				6A8A10191B82C078000A6CCC /* PhotoMap */,
				6A8A102F1B82C078000A6CCC /* PhotoMapTests */,
				6A8A10181B82C078000A6CCC /* Products */,
			);
			sourceTree = "<group>";
		};
		6A8A10181B82C078000A6CCC /* Products */ = {
			isa = PBXGroup;
			children = (
				6A8A10171B82C078000A6CCC /* PhotoMap.app */,
				6A8A102C1B82C078000A6CCC /* PhotoMapTests.xctest */,
			);
			name = Products;
			sourceTree = "<group>";
		};
		6A8A10191B82C078000A6CCC /* PhotoMap */ = {
			isa = PBXGroup;
			children = (
				6A8A101C1B82C078000A6CCC /* AppDelegate.swift */,
				6A8A101E1B82C078000A6CCC /* ViewController.swift */,
				6A8A10201B82C078000A6CCC /* Main.storyboard */,
				6A8A10231B82C078000A6CCC /* Images.xcassets */,
				6A8A10251B82C078000A6CCC /* LaunchScreen.xib */,
				6A8A101A1B82C078000A6CCC /* Supporting Files */,
				6A8611351B82CD28008EAD71 /* PhotoAnnotation.swift */,
				6A8611371B82CF6E008EAD71 /* PhotoAnnotationView.swift */,
				6A8611391B82E88A008EAD71 /* AssetViewController.swift */,
				6A86113B1B82E8B9008EAD71 /* ImageCell.swift */,
			);
			path = PhotoMap;
			sourceTree = "<group>";
		};
		6A8A101A1B82C078000A6CCC /* Supporting Files */ = {
			isa = PBXGroup;
			children = (
				6A8A101B1B82C078000A6CCC /* Info.plist */,
			);
			name = "Supporting Files";
			sourceTree = "<group>";
		};
		6A8A102F1B82C078000A6CCC /* PhotoMapTests */ = {
			isa = PBXGroup;
			children = (
				6A8A10321B82C078000A6CCC /* PhotoMapTests.swift */,
				6A8A10301B82C078000A6CCC /* Supporting Files */,
			);
			path = PhotoMapTests;
			sourceTree = "<group>";
		};
		6A8A10301B82C078000A6CCC /* Supporting Files */ = {
			isa = PBXGroup;
			children = (
				6A8A10311B82C078000A6CCC /* Info.plist */,
			);
			name = "Supporting Files";
			sourceTree = "<group>";
		};
/* End PBXGroup section */

/* Begin PBXNativeTarget section */
		6A8A10161B82C078000A6CCC /* PhotoMap */ = {
			isa = PBXNativeTarget;
			buildConfigurationList = 6A8A10361B82C078000A6CCC /* Build configuration list for PBXNativeTarget "PhotoMap" */;
			buildPhases = (
				6A8A10131B82C078000A6CCC /* Sources */,
				6A8A10141B82C078000A6CCC /* Frameworks */,
				6A8A10151B82C078000A6CCC /* Resources */,
			);
			buildRules = (
			);
			dependencies = (
			);
			name = PhotoMap;
			productName = PhotoMap;
			productReference = 6A8A10171B82C078000A6CCC /* PhotoMap.app */;
			productType = "com.apple.product-type.application";
		};
		6A8A102B1B82C078000A6CCC /* PhotoMapTests */ = {
			isa = PBXNativeTarget;
			buildConfigurationList = 6A8A10391B82C078000A6CCC /* Build configuration list for PBXNativeTarget "PhotoMapTests" */;
			buildPhases = (
				6A8A10281B82C078000A6CCC /* Sources */,
				6A8A10291B82C078000A6CCC /* Frameworks */,
				6A8A102A1B82C078000A6CCC /* Resources */,
			);
			buildRules = (
			);
			dependencies = (
				6A8A102E1B82C078000A6CCC /* PBXTargetDependency */,
			);
			name = PhotoMapTests;
			productName = PhotoMapTests;
			productReference = 6A8A102C1B82C078000A6CCC /* PhotoMapTests.xctest */;
			productType = "com.apple.product-type.bundle.unit-test";
		};
/* End PBXNativeTarget section */

/* Begin PBXProject section */
		6A8A100F1B82C078000A6CCC /* Project object */ = {
			isa = PBXProject;
			attributes = {
				LastUpgradeCheck = 0640;
				ORGANIZATIONNAME = "Tomokazu Imai";
				TargetAttributes = {
					6A8A10161B82C078000A6CCC = {
						CreatedOnToolsVersion = 6.4;
					};
					6A8A102B1B82C078000A6CCC = {
						CreatedOnToolsVersion = 6.4;
						TestTargetID = 6A8A10161B82C078000A6CCC;
					};
				};
			};
			buildConfigurationList = 6A8A10121B82C078000A6CCC /* Build configuration list for PBXProject "PhotoMap" */;
			compatibilityVersion = "Xcode 3.2";
			developmentRegion = English;
			hasScannedForEncodings = 0;
			knownRegions = (
				en,
				Base,
			);
			mainGroup = 6A8A100E1B82C078000A6CCC;
			productRefGroup = 6A8A10181B82C078000A6CCC /* Products */;
			projectDirPath = "";
			projectRoot = "";
			targets = (
				6A8A10161B82C078000A6CCC /* PhotoMap */,
				6A8A102B1B82C078000A6CCC /* PhotoMapTests */,
			);
		};
/* End PBXProject section */

/* Begin PBXResourcesBuildPhase section */
		6A8A10151B82C078000A6CCC /* Resources */ = {
			isa = PBXResourcesBuildPhase;
			buildActionMask = 2147483647;
			files = (
				6A8A10221B82C078000A6CCC /* Main.storyboard in Resources */,
				6A8A10271B82C078000A6CCC /* LaunchScreen.xib in Resources */,
				6A8A10241B82C078000A6CCC /* Images.xcassets in Resources */,
			);
			runOnlyForDeploymentPostprocessing = 0;
		};
		6A8A102A1B82C078000A6CCC /* Resources */ = {
			isa = PBXResourcesBuildPhase;
			buildActionMask = 2147483647;
			files = (
			);
			runOnlyForDeploymentPostprocessing = 0;
		};
/* End PBXResourcesBuildPhase section */

/* Begin PBXSourcesBuildPhase section */
		6A8A10131B82C078000A6CCC /* Sources */ = {
			isa = PBXSourcesBuildPhase;
			buildActionMask = 2147483647;
			files = (
				6A8611381B82CF6E008EAD71 /* PhotoAnnotationView.swift in Sources */,
				6A8A101F1B82C078000A6CCC /* ViewController.swift in Sources */,
				6A86113A1B82E88A008EAD71 /* AssetViewController.swift in Sources */,
				6A8A101D1B82C078000A6CCC /* AppDelegate.swift in Sources */,
				6A8611361B82CD28008EAD71 /* PhotoAnnotation.swift in Sources */,
				6A86113C1B82E8B9008EAD71 /* ImageCell.swift in Sources */,
			);
			runOnlyForDeploymentPostprocessing = 0;
		};
		6A8A10281B82C078000A6CCC /* Sources */ = {
			isa = PBXSourcesBuildPhase;
			buildActionMask = 2147483647;
			files = (
				6A8A10331B82C078000A6CCC /* PhotoMapTests.swift in Sources */,
			);
			runOnlyForDeploymentPostprocessing = 0;
		};
/* End PBXSourcesBuildPhase section */

/* Begin PBXTargetDependency section */
		6A8A102E1B82C078000A6CCC /* PBXTargetDependency */ = {
			isa = PBXTargetDependency;
			target = 6A8A10161B82C078000A6CCC /* PhotoMap */;
			targetProxy = 6A8A102D1B82C078000A6CCC /* PBXContainerItemProxy */;
		};
/* End PBXTargetDependency section */

/* Begin PBXVariantGroup section */
		6A8A10201B82C078000A6CCC /* Main.storyboard */ = {
			isa = PBXVariantGroup;
			children = (
				6A8A10211B82C078000A6CCC /* Base */,
			);
			name = Main.storyboard;
			sourceTree = "<group>";
		};
		6A8A10251B82C078000A6CCC /* LaunchScreen.xib */ = {
			isa = PBXVariantGroup;
			children = (
				6A8A10261B82C078000A6CCC /* Base */,
			);
			name = LaunchScreen.xib;
			sourceTree = "<group>";
		};
/* End PBXVariantGroup section */

/* Begin XCBuildConfiguration section */
		6A8A10341B82C078000A6CCC /* Debug */ = {
			isa = XCBuildConfiguration;
			buildSettings = {
				ALWAYS_SEARCH_USER_PATHS = NO;
				CLANG_CXX_LANGUAGE_STANDARD = "gnu++0x";
				CLANG_CXX_LIBRARY = "libc++";
				CLANG_ENABLE_MODULES = YES;
				CLANG_ENABLE_OBJC_ARC = YES;
				CLANG_WARN_BOOL_CONVERSION = YES;
				CLANG_WARN_CONSTANT_CONVERSION = YES;
				CLANG_WARN_DIRECT_OBJC_ISA_USAGE = YES_ERROR;
				CLANG_WARN_EMPTY_BODY = YES;
				CLANG_WARN_ENUM_CONVERSION = YES;
				CLANG_WARN_INT_CONVERSION = YES;
				CLANG_WARN_OBJC_ROOT_CLASS = YES_ERROR;
				CLANG_WARN_UNREACHABLE_CODE = YES;
				CLANG_WARN__DUPLICATE_METHOD_MATCH = YES;
				"CODE_SIGN_IDENTITY[sdk=iphoneos*]" = "iPhone Developer";
				COPY_PHASE_STRIP = NO;
				DEBUG_INFORMATION_FORMAT = "dwarf-with-dsym";
				ENABLE_STRICT_OBJC_MSGSEND = YES;
				GCC_C_LANGUAGE_STANDARD = gnu99;
				GCC_DYNAMIC_NO_PIC = NO;
				GCC_NO_COMMON_BLOCKS = YES;
				GCC_OPTIMIZATION_LEVEL = 0;
				GCC_PREPROCESSOR_DEFINITIONS = (
					"DEBUG=1",
					"$(inherited)",
				);
				GCC_SYMBOLS_PRIVATE_EXTERN = NO;
				GCC_WARN_64_TO_32_BIT_CONVERSION = YES;
				GCC_WARN_ABOUT_RETURN_TYPE = YES_ERROR;
				GCC_WARN_UNDECLARED_SELECTOR = YES;
				GCC_WARN_UNINITIALIZED_AUTOS = YES_AGGRESSIVE;
				GCC_WARN_UNUSED_FUNCTION = YES;
				GCC_WARN_UNUSED_VARIABLE = YES;
				IPHONEOS_DEPLOYMENT_TARGET = 8.4;
				MTL_ENABLE_DEBUG_INFO = YES;
				ONLY_ACTIVE_ARCH = YES;
				SDKROOT = iphoneos;
				SWIFT_OPTIMIZATION_LEVEL = "-Onone";
			};
			name = Debug;
		};
		6A8A10351B82C078000A6CCC /* Release */ = {
			isa = XCBuildConfiguration;
			buildSettings = {
				ALWAYS_SEARCH_USER_PATHS = NO;
				CLANG_CXX_LANGUAGE_STANDARD = "gnu++0x";
				CLANG_CXX_LIBRARY = "libc++";
				CLANG_ENABLE_MODULES = YES;
				CLANG_ENABLE_OBJC_ARC = YES;
				CLANG_WARN_BOOL_CONVERSION = YES;
				CLANG_WARN_CONSTANT_CONVERSION = YES;
				CLANG_WARN_DIRECT_OBJC_ISA_USAGE = YES_ERROR;
				CLANG_WARN_EMPTY_BODY = YES;
				CLANG_WARN_ENUM_CONVERSION = YES;
				CLANG_WARN_INT_CONVERSION = YES;
				CLANG_WARN_OBJC_ROOT_CLASS = YES_ERROR;
				CLANG_WARN_UNREACHABLE_CODE = YES;
				CLANG_WARN__DUPLICATE_METHOD_MATCH = YES;
				"CODE_SIGN_IDENTITY[sdk=iphoneos*]" = "iPhone Developer";
				COPY_PHASE_STRIP = NO;
				DEBUG_INFORMATION_FORMAT = "dwarf-with-dsym";
				ENABLE_NS_ASSERTIONS = NO;
				ENABLE_STRICT_OBJC_MSGSEND = YES;
				GCC_C_LANGUAGE_STANDARD = gnu99;
				GCC_NO_COMMON_BLOCKS = YES;
				GCC_WARN_64_TO_32_BIT_CONVERSION = YES;
				GCC_WARN_ABOUT_RETURN_TYPE = YES_ERROR;
				GCC_WARN_UNDECLARED_SELECTOR = YES;
				GCC_WARN_UNINITIALIZED_AUTOS = YES_AGGRESSIVE;
				GCC_WARN_UNUSED_FUNCTION = YES;
				GCC_WARN_UNUSED_VARIABLE = YES;
				IPHONEOS_DEPLOYMENT_TARGET = 8.4;
				MTL_ENABLE_DEBUG_INFO = NO;
				SDKROOT = iphoneos;
				VALIDATE_PRODUCT = YES;
			};
			name = Release;
		};
		6A8A10371B82C078000A6CCC /* Debug */ = {
			isa = XCBuildConfiguration;
			buildSettings = {
				ASSETCATALOG_COMPILER_APPICON_NAME = AppIcon;
				INFOPLIST_FILE = PhotoMap/Info.plist;
				LD_RUNPATH_SEARCH_PATHS = "$(inherited) @executable_path/Frameworks";
				PRODUCT_NAME = "$(TARGET_NAME)";
			};
			name = Debug;
		};
		6A8A10381B82C078000A6CCC /* Release */ = {
			isa = XCBuildConfiguration;
			buildSettings = {
				ASSETCATALOG_COMPILER_APPICON_NAME = AppIcon;
				INFOPLIST_FILE = PhotoMap/Info.plist;
				LD_RUNPATH_SEARCH_PATHS = "$(inherited) @executable_path/Frameworks";
				PRODUCT_NAME = "$(TARGET_NAME)";
			};
			name = Release;
		};
		6A8A103A1B82C078000A6CCC /* Debug */ = {
			isa = XCBuildConfiguration;
			buildSettings = {
				BUNDLE_LOADER = "$(TEST_HOST)";
				FRAMEWORK_SEARCH_PATHS = (
					"$(SDKROOT)/Developer/Library/Frameworks",
					"$(inherited)",
				);
				GCC_PREPROCESSOR_DEFINITIONS = (
					"DEBUG=1",
					"$(inherited)",
				);
				INFOPLIST_FILE = PhotoMapTests/Info.plist;
				LD_RUNPATH_SEARCH_PATHS = "$(inherited) @executable_path/Frameworks @loader_path/Frameworks";
				PRODUCT_NAME = "$(TARGET_NAME)";
				TEST_HOST = "$(BUILT_PRODUCTS_DIR)/PhotoMap.app/PhotoMap";
			};
			name = Debug;
		};
		6A8A103B1B82C078000A6CCC /* Release */ = {
			isa = XCBuildConfiguration;
			buildSettings = {
				BUNDLE_LOADER = "$(TEST_HOST)";
				FRAMEWORK_SEARCH_PATHS = (
					"$(SDKROOT)/Developer/Library/Frameworks",
					"$(inherited)",
				);
				INFOPLIST_FILE = PhotoMapTests/Info.plist;
				LD_RUNPATH_SEARCH_PATHS = "$(inherited) @executable_path/Frameworks @loader_path/Frameworks";
				PRODUCT_NAME = "$(TARGET_NAME)";
				TEST_HOST = "$(BUILT_PRODUCTS_DIR)/PhotoMap.app/PhotoMap";
			};
			name = Release;
		};
/* End XCBuildConfiguration section */

/* Begin XCConfigurationList section */
		6A8A10121B82C078000A6CCC /* Build configuration list for PBXProject "PhotoMap" */ = {
			isa = XCConfigurationList;
			buildConfigurations = (
				6A8A10341B82C078000A6CCC /* Debug */,
				6A8A10351B82C078000A6CCC /* Release */,
			);
			defaultConfigurationIsVisible = 0;
			defaultConfigurationName = Release;
		};
		6A8A10361B82C078000A6CCC /* Build configuration list for PBXNativeTarget "PhotoMap" */ = {
			isa = XCConfigurationList;
			buildConfigurations = (
				6A8A10371B82C078000A6CCC /* Debug */,
				6A8A10381B82C078000A6CCC /* Release */,
			);
			defaultConfigurationIsVisible = 0;
			defaultConfigurationName = Release;
		};
		6A8A10391B82C078000A6CCC /* Build configuration list for PBXNativeTarget "PhotoMapTests" */ = {
			isa = XCConfigurationList;
			buildConfigurations = (
				6A8A103A1B82C078000A6CCC /* Debug */,
				6A8A103B1B82C078000A6CCC /* Release */,
			);
			defaultConfigurationIsVisible = 0;
			defaultConfigurationName = Release;
		};
/* End XCConfigurationList section */
	};
	rootObject = 6A8A100F1B82C078000A6CCC /* Project object */;
}
